{
  "object": {
    "pins": [
      {
        "package": "FirebladeMath",
        "repositoryURL": "https://github.com/fireblade-engine/math.git",
        "state": {
          "branch": null,
          "revision": "b6700cf9ddfe00423f789f88f2c3a79132cb2eba",
          "version": "0.10.0"
        }
      }
    ]
  },
  "version": 1
}
